
Microsoft Visual Studio Solution File, Format Version 12.00
# Visual Studio Version 16
VisualStudioVersion = 16.0.31205.134
MinimumVisualStudioVersion = 10.0.40219.1
Project("{FAE04EC0-301F-11D3-BF4B-00C04F79EFBC}") = "PetsFactory", "PetsFactory\PetsFactory.csproj", "{E76F25FE-787F-420F-91BB-52B4F3034C10}"
EndProject
Project("{FAE04EC0-301F-11D3-BF4B-00C04F79EFBC}") = "PetsFactory.Data", "PetsFactory.Data\PetsFactory.Data.csproj", "{0F0CB982-935D-4EE9-B40A-6E1929B5B22D}"
EndProject
Project("{FAE04EC0-301F-11D3-BF4B-00C04F79EFBC}") = "PetsFactory.Models", "PetsFactory.Models\PetsFactory.Models.csproj", "{9A538ABE-68A7-43B3-9AE7-0D1D69594A41}"
EndProject
Project("{FAE04EC0-301F-11D3-BF4B-00C04F79EFBC}") = "PetsFactory.Utils", "PetsFactory.Utils\PetsFactory.Utils.csproj", "{6D49D629-DEDA-439D-8F56-96E729B0072F}"
EndProject
Global
	GlobalSection(SolutionConfigurationPlatforms) = preSolution
		Debug|Any CPU = Debug|Any CPU
		Release|Any CPU = Release|Any CPU
	EndGlobalSection
	GlobalSection(ProjectConfigurationPlatforms) = postSolution
		{E76F25FE-787F-420F-91BB-52B4F3034C10}.Debug|Any CPU.ActiveCfg = Debug|Any CPU
		{E76F25FE-787F-420F-91BB-52B4F3034C10}.Debug|Any CPU.Build.0 = Debug|Any CPU
		{E76F25FE-787F-420F-91BB-52B4F3034C10}.Release|Any CPU.ActiveCfg = Release|Any CPU
		{E76F25FE-787F-420F-91BB-52B4F3034C10}.Release|Any CPU.Build.0 = Release|Any CPU
		{0F0CB982-935D-4EE9-B40A-6E1929B5B22D}.Debug|Any CPU.ActiveCfg = Debug|Any CPU
		{0F0CB982-935D-4EE9-B40A-6E1929B5B22D}.Debug|Any CPU.Build.0 = Debug|Any CPU
		{0F0CB982-935D-4EE9-B40A-6E1929B5B22D}.Release|Any CPU.ActiveCfg = Release|Any CPU
		{0F0CB982-935D-4EE9-B40A-6E1929B5B22D}.Release|Any CPU.Build.0 = Release|Any CPU
		{9A538ABE-68A7-43B3-9AE7-0D1D69594A41}.Debug|Any CPU.ActiveCfg = Debug|Any CPU
		{9A538ABE-68A7-43B3-9AE7-0D1D69594A41}.Debug|Any CPU.Build.0 = Debug|Any CPU
		{9A538ABE-68A7-43B3-9AE7-0D1D69594A41}.Release|Any CPU.ActiveCfg = Release|Any CPU
		{9A538ABE-68A7-43B3-9AE7-0D1D69594A41}.Release|Any CPU.Build.0 = Release|Any CPU
		{6D49D629-DEDA-439D-8F56-96E729B0072F}.Debug|Any CPU.ActiveCfg = Debug|Any CPU
		{6D49D629-DEDA-439D-8F56-96E729B0072F}.Debug|Any CPU.Build.0 = Debug|Any CPU
		{6D49D629-DEDA-439D-8F56-96E729B0072F}.Release|Any CPU.ActiveCfg = Release|Any CPU
		{6D49D629-DEDA-439D-8F56-96E729B0072F}.Release|Any CPU.Build.0 = Release|Any CPU
	EndGlobalSection
	GlobalSection(SolutionProperties) = preSolution
		HideSolutionNode = FALSE
	EndGlobalSection
	GlobalSection(ExtensibilityGlobals) = postSolution
		SolutionGuid = {327E9382-F74D-47E3-8BCD-15DA6065B22D}
	EndGlobalSection
EndGlobal
